
Microsoft Visual Studio Solution File, Format Version 12.00
# Visual Studio 2012
Project("{FAE04EC0-301F-11D3-BF4B-00C04F79EFBC}") = "Business.Tests", "Business.tests\Business.Tests.csproj", "{DFF3E30D-15AF-461F-A64E-87B99BA96317}"
EndProject
Project("{FAE04EC0-301F-11D3-BF4B-00C04F79EFBC}") = "RobotsAtWar.Server", "RobotsAtWar.Server\RobotsAtWar.Server.csproj", "{B680B75B-0AF2-415D-B037-74A857A9D95E}"
EndProject
Project("{FAE04EC0-301F-11D3-BF4B-00C04F79EFBC}") = "RobotsAtWar.Server.Host", "RobotsAtWar.Server.Host\RobotsAtWar.Server.Host.csproj", "{D707C062-4965-4547-A006-E8A4B9FFA03E}"
EndProject
Project("{FAE04EC0-301F-11D3-BF4B-00C04F79EFBC}") = "RobotsAtWar.Client.Host", "RobotsAtWar.Client.Host\RobotsAtWar.Client.Host.csproj", "{B6A25F68-5362-406B-AAAB-45AA40CADED7}"
EndProject
Project("{FAE04EC0-301F-11D3-BF4B-00C04F79EFBC}") = "RobotsAtWar.Client", "RobotsAtWar.Client\RobotsAtWar.Client.csproj", "{69D69F24-9701-4ECB-B359-1FB819AC04A6}"
EndProject
Global
	GlobalSection(SolutionConfigurationPlatforms) = preSolution
		Debug|Any CPU = Debug|Any CPU
		Release|Any CPU = Release|Any CPU
	EndGlobalSection
	GlobalSection(ProjectConfigurationPlatforms) = postSolution
		{DFF3E30D-15AF-461F-A64E-87B99BA96317}.Debug|Any CPU.ActiveCfg = Debug|Any CPU
		{DFF3E30D-15AF-461F-A64E-87B99BA96317}.Debug|Any CPU.Build.0 = Debug|Any CPU
		{DFF3E30D-15AF-461F-A64E-87B99BA96317}.Release|Any CPU.ActiveCfg = Release|Any CPU
		{DFF3E30D-15AF-461F-A64E-87B99BA96317}.Release|Any CPU.Build.0 = Release|Any CPU
		{B680B75B-0AF2-415D-B037-74A857A9D95E}.Debug|Any CPU.ActiveCfg = Debug|Any CPU
		{B680B75B-0AF2-415D-B037-74A857A9D95E}.Debug|Any CPU.Build.0 = Debug|Any CPU
		{B680B75B-0AF2-415D-B037-74A857A9D95E}.Release|Any CPU.ActiveCfg = Release|Any CPU
		{B680B75B-0AF2-415D-B037-74A857A9D95E}.Release|Any CPU.Build.0 = Release|Any CPU
		{D707C062-4965-4547-A006-E8A4B9FFA03E}.Debug|Any CPU.ActiveCfg = Debug|Any CPU
		{D707C062-4965-4547-A006-E8A4B9FFA03E}.Debug|Any CPU.Build.0 = Debug|Any CPU
		{D707C062-4965-4547-A006-E8A4B9FFA03E}.Release|Any CPU.ActiveCfg = Release|Any CPU
		{D707C062-4965-4547-A006-E8A4B9FFA03E}.Release|Any CPU.Build.0 = Release|Any CPU
		{B6A25F68-5362-406B-AAAB-45AA40CADED7}.Debug|Any CPU.ActiveCfg = Debug|Any CPU
		{B6A25F68-5362-406B-AAAB-45AA40CADED7}.Debug|Any CPU.Build.0 = Debug|Any CPU
		{B6A25F68-5362-406B-AAAB-45AA40CADED7}.Release|Any CPU.ActiveCfg = Release|Any CPU
		{B6A25F68-5362-406B-AAAB-45AA40CADED7}.Release|Any CPU.Build.0 = Release|Any CPU
		{69D69F24-9701-4ECB-B359-1FB819AC04A6}.Debug|Any CPU.ActiveCfg = Debug|Any CPU
		{69D69F24-9701-4ECB-B359-1FB819AC04A6}.Debug|Any CPU.Build.0 = Debug|Any CPU
		{69D69F24-9701-4ECB-B359-1FB819AC04A6}.Release|Any CPU.ActiveCfg = Release|Any CPU
		{69D69F24-9701-4ECB-B359-1FB819AC04A6}.Release|Any CPU.Build.0 = Release|Any CPU
	EndGlobalSection
	GlobalSection(SolutionProperties) = preSolution
		HideSolutionNode = FALSE
	EndGlobalSection
EndGlobal
